
Microsoft Visual Studio Solution File, Format Version 10.00
# Visual Studio 2008
Project("{2150E333-8FDC-42A3-9474-1A3956D46DE8}") = "Solution Items", "Solution Items", "{CC42FC78-681A-43B3-9B16-B362D59E6D14}"
	ProjectSection(SolutionItems) = preProject
		Hook\lua\ui\game\commandmode.lua = Hook\lua\ui\game\commandmode.lua
		..\..\..\..\..\..\..\..\Games\Supreme Commander - Forged Alliance\bin\DamnLog.txt = ..\..\..\..\..\..\..\..\Games\Supreme Commander - Forged Alliance\bin\DamnLog.txt
		Hook\lua\ui\game\gamemain.lua = Hook\lua\ui\game\gamemain.lua
		mod_info.lua = mod_info.lua
		One Click Wonder 02 README.txt = One Click Wonder 02 README.txt
		Hook\lua\SessionInit.lua = Hook\lua\SessionInit.lua
		Hook\lua\UserSync.lua = Hook\lua\UserSync.lua
		Hook\lua\ui\controls\worldview.lua = Hook\lua\ui\controls\worldview.lua
	EndProjectSection
EndProject
Global
	GlobalSection(SolutionProperties) = preSolution
		HideSolutionNode = FALSE
	EndGlobalSection
EndGlobal
